
Microsoft Visual Studio Solution File, Format Version 12.00
# Visual Studio Version 16
VisualStudioVersion = 16.0.29418.71
MinimumVisualStudioVersion = 10.0.40219.1
Project("{FAE04EC0-301F-11D3-BF4B-00C04F79EFBC}") = "Unicity.Engine", "Unicity.Engine\Unicity.Engine.csproj", "{CBF47ABD-0454-496A-B3E3-848D27317C59}"
EndProject
Project("{FAE04EC0-301F-11D3-BF4B-00C04F79EFBC}") = "Unicity.Game", "Unicity.Game\Unicity.Game.csproj", "{4C824664-944B-4DCA-89BE-8CF16D249F51}"
EndProject
Project("{FAE04EC0-301F-11D3-BF4B-00C04F79EFBC}") = "Unicity.Renderer", "Unicity.Renderer\Unicity.Renderer.csproj", "{7C0C6E9F-6BC9-4825-B657-8DACE26CF4FD}"
EndProject
Global
	GlobalSection(SolutionConfigurationPlatforms) = preSolution
		Debug|Any CPU = Debug|Any CPU
		Release|Any CPU = Release|Any CPU
	EndGlobalSection
	GlobalSection(ProjectConfigurationPlatforms) = postSolution
		{CBF47ABD-0454-496A-B3E3-848D27317C59}.Debug|Any CPU.ActiveCfg = Debug|Any CPU
		{CBF47ABD-0454-496A-B3E3-848D27317C59}.Debug|Any CPU.Build.0 = Debug|Any CPU
		{CBF47ABD-0454-496A-B3E3-848D27317C59}.Release|Any CPU.ActiveCfg = Release|Any CPU
		{CBF47ABD-0454-496A-B3E3-848D27317C59}.Release|Any CPU.Build.0 = Release|Any CPU
		{4C824664-944B-4DCA-89BE-8CF16D249F51}.Debug|Any CPU.ActiveCfg = Debug|Any CPU
		{4C824664-944B-4DCA-89BE-8CF16D249F51}.Debug|Any CPU.Build.0 = Debug|Any CPU
		{4C824664-944B-4DCA-89BE-8CF16D249F51}.Release|Any CPU.ActiveCfg = Release|Any CPU
		{4C824664-944B-4DCA-89BE-8CF16D249F51}.Release|Any CPU.Build.0 = Release|Any CPU
		{7C0C6E9F-6BC9-4825-B657-8DACE26CF4FD}.Debug|Any CPU.ActiveCfg = Debug|Any CPU
		{7C0C6E9F-6BC9-4825-B657-8DACE26CF4FD}.Debug|Any CPU.Build.0 = Debug|Any CPU
		{7C0C6E9F-6BC9-4825-B657-8DACE26CF4FD}.Release|Any CPU.ActiveCfg = Release|Any CPU
		{7C0C6E9F-6BC9-4825-B657-8DACE26CF4FD}.Release|Any CPU.Build.0 = Release|Any CPU
	EndGlobalSection
	GlobalSection(SolutionProperties) = preSolution
		HideSolutionNode = FALSE
	EndGlobalSection
	GlobalSection(ExtensibilityGlobals) = postSolution
		SolutionGuid = {1452E7DC-0F6D-41A6-9FD4-4E8219DB282D}
	EndGlobalSection
EndGlobal
