
Microsoft Visual Studio Solution File, Format Version 12.00
# Visual Studio Version 16
VisualStudioVersion = 16.0.29418.71
MinimumVisualStudioVersion = 10.0.40219.1
Project("{FAE04EC0-301F-11D3-BF4B-00C04F79EFBC}") = "Unicity.RenderTest", "Unicity.RenderTest\Unicity.RenderTest.csproj", "{0155C998-9189-4C19-8DCC-13499797C7EA}"
EndProject
Project("{FAE04EC0-301F-11D3-BF4B-00C04F79EFBC}") = "Unicity.Renderer", "Unicity.Renderer\Unicity.Renderer.csproj", "{F6EBB1F8-FCA9-4A8D-A807-E877CD047908}"
EndProject
Global
	GlobalSection(SolutionConfigurationPlatforms) = preSolution
		Debug|Any CPU = Debug|Any CPU
		Release|Any CPU = Release|Any CPU
	EndGlobalSection
	GlobalSection(ProjectConfigurationPlatforms) = postSolution
		{F6EBB1F8-FCA9-4A8D-A807-E877CD047908}.Debug|Any CPU.ActiveCfg = Debug|Any CPU
		{F6EBB1F8-FCA9-4A8D-A807-E877CD047908}.Debug|Any CPU.Build.0 = Debug|Any CPU
		{F6EBB1F8-FCA9-4A8D-A807-E877CD047908}.Release|Any CPU.ActiveCfg = Release|Any CPU
		{F6EBB1F8-FCA9-4A8D-A807-E877CD047908}.Release|Any CPU.Build.0 = Release|Any CPU
		{0155C998-9189-4C19-8DCC-13499797C7EA}.Debug|Any CPU.ActiveCfg = Debug|Any CPU
		{0155C998-9189-4C19-8DCC-13499797C7EA}.Debug|Any CPU.Build.0 = Debug|Any CPU
		{0155C998-9189-4C19-8DCC-13499797C7EA}.Release|Any CPU.ActiveCfg = Release|Any CPU
		{0155C998-9189-4C19-8DCC-13499797C7EA}.Release|Any CPU.Build.0 = Release|Any CPU
	EndGlobalSection
	GlobalSection(SolutionProperties) = preSolution
		HideSolutionNode = FALSE
	EndGlobalSection
	GlobalSection(ExtensibilityGlobals) = postSolution
		SolutionGuid = {1452E7DC-0F6D-41A6-9FD4-4E8219DB282D}
	EndGlobalSection
EndGlobal
